// !$*UTF8*$!
{
	archiveVersion = 1;
	classes = {};
	objectVersion = 77;
	objects = {

/* Begin PBXBuildFile section */
		AA0000000000000000000001 /* LifeOSCompanionCore in Frameworks */ = {isa = PBXBuildFile; productRef = AA0000000000000000000011 /* LifeOSCompanionCore */; };
		AA0000000000000000000002 /* Sparkle in Frameworks */ = {isa = PBXBuildFile; productRef = AA0000000000000000000012 /* Sparkle */; };
		AA0000000000000000000003 /* LifeOSCompanionCore in Frameworks */ = {isa = PBXBuildFile; productRef = AA0000000000000000000013 /* LifeOSCompanionCore */; };
		AA0000000000000000000004 /* LifeOSCompanionCore in Frameworks */ = {isa = PBXBuildFile; productRef = AA0000000000000000000014 /* LifeOSCompanionCore */; };
		AA0000000000000000000005 /* Life OS Collector.app in Embed Login Items */ = {isa = PBXBuildFile; fileRef = AA0000000000000000000022 /* Life OS Collector.app */; settings = {ATTRIBUTES = (CodeSignOnCopy, ); }; };
		AA0000000000000000000006 /* PersonsFeature in Frameworks */ = {isa = PBXBuildFile; productRef = AA0000000000000000000018 /* PersonsFeature */; };
		AA0000000000000000000007 /* LifeOSCompanionCore in Frameworks */ = {isa = PBXBuildFile; productRef = AA0000000000000000000019 /* LifeOSCompanionCore */; };
/* End PBXBuildFile section */

/* Begin PBXCopyFilesBuildPhase section */
		AA0000000000000000000031 /* Embed Login Items */ = {isa = PBXCopyFilesBuildPhase; buildActionMask = 2147483647; dstPath = "Contents/Library/LoginItems"; dstSubfolderSpec = 1; files = (AA0000000000000000000005 /* Life OS Collector.app in Embed Login Items */, ); name = "Embed Login Items"; runOnlyForDeploymentPostprocessing = 0; };
/* End PBXCopyFilesBuildPhase section */

/* Begin PBXFileReference section */
		AA0000000000000000000021 /* Life OS Companion.app */ = {isa = PBXFileReference; explicitFileType = wrapper.application; includeInIndex = 0; path = "Life OS Companion.app"; sourceTree = BUILT_PRODUCTS_DIR; };
		AA0000000000000000000022 /* Life OS Collector.app */ = {isa = PBXFileReference; explicitFileType = wrapper.application; includeInIndex = 0; path = "Life OS Collector.app"; sourceTree = BUILT_PRODUCTS_DIR; };
		AA0000000000000000000023 /* Life OS Companion iOS.app */ = {isa = PBXFileReference; explicitFileType = wrapper.application; includeInIndex = 0; path = "Life OS Companion iOS.app"; sourceTree = BUILT_PRODUCTS_DIR; };
		AA0000000000000000000024 /* Persons.app */ = {isa = PBXFileReference; explicitFileType = wrapper.application; includeInIndex = 0; path = Persons.app; sourceTree = BUILT_PRODUCTS_DIR; };
/* End PBXFileReference section */

/* Begin PBXFileSystemSynchronizedRootGroup section */
		AA0000000000000000000041 /* LifeOSCompanionMac */ = {isa = PBXFileSystemSynchronizedRootGroup; path = LifeOSCompanionMac; sourceTree = "<group>"; };
		AA0000000000000000000042 /* LifeOSCompanionHelper */ = {isa = PBXFileSystemSynchronizedRootGroup; path = LifeOSCompanionHelper; sourceTree = "<group>"; };
		AA0000000000000000000043 /* LifeOSCompanionIOS */ = {isa = PBXFileSystemSynchronizedRootGroup; path = LifeOSCompanionIOS; sourceTree = "<group>"; };
		AA0000000000000000000044 /* PersonsIOS */ = {isa = PBXFileSystemSynchronizedRootGroup; path = PersonsIOS; sourceTree = "<group>"; };
/* End PBXFileSystemSynchronizedRootGroup section */

/* Begin PBXFrameworksBuildPhase section */
		AA0000000000000000000051 = {isa = PBXFrameworksBuildPhase; buildActionMask = 2147483647; files = (AA0000000000000000000001, AA0000000000000000000002, ); runOnlyForDeploymentPostprocessing = 0; };
		AA0000000000000000000052 = {isa = PBXFrameworksBuildPhase; buildActionMask = 2147483647; files = (AA0000000000000000000003, ); runOnlyForDeploymentPostprocessing = 0; };
		AA0000000000000000000053 = {isa = PBXFrameworksBuildPhase; buildActionMask = 2147483647; files = (AA0000000000000000000004, ); runOnlyForDeploymentPostprocessing = 0; };
		AA0000000000000000000054 = {isa = PBXFrameworksBuildPhase; buildActionMask = 2147483647; files = (AA0000000000000000000006, AA0000000000000000000007, ); runOnlyForDeploymentPostprocessing = 0; };
/* End PBXFrameworksBuildPhase section */

/* Begin PBXGroup section */
		AA0000000000000000000060 = {isa = PBXGroup; children = (AA0000000000000000000041, AA0000000000000000000042, AA0000000000000000000043, AA0000000000000000000044, AA0000000000000000000061 /* Products */, ); sourceTree = "<group>"; };
		AA0000000000000000000061 /* Products */ = {isa = PBXGroup; children = (AA0000000000000000000021, AA0000000000000000000022, AA0000000000000000000023, AA0000000000000000000024, ); name = Products; sourceTree = "<group>"; };
/* End PBXGroup section */

/* Begin PBXNativeTarget section */
		AA0000000000000000000071 /* Life OS Companion */ = {isa = PBXNativeTarget; buildConfigurationList = AA0000000000000000000091; buildPhases = (AA0000000000000000000081, AA0000000000000000000051, AA0000000000000000000031, ); buildRules = (); dependencies = (AA00000000000000000000B1, ); fileSystemSynchronizedGroups = (AA0000000000000000000041, ); name = "Life OS Companion"; packageProductDependencies = (AA0000000000000000000011, AA0000000000000000000012, ); productName = LifeOSCompanionMac; productReference = AA0000000000000000000021; productType = "com.apple.product-type.application"; };
		AA0000000000000000000072 /* Life OS Collector */ = {isa = PBXNativeTarget; buildConfigurationList = AA0000000000000000000092; buildPhases = (AA0000000000000000000082, AA0000000000000000000052, ); buildRules = (); dependencies = (); fileSystemSynchronizedGroups = (AA0000000000000000000042, ); name = "Life OS Collector"; packageProductDependencies = (AA0000000000000000000013, ); productName = LifeOSCompanionHelper; productReference = AA0000000000000000000022; productType = "com.apple.product-type.application"; };
		AA0000000000000000000073 /* Life OS Companion iOS */ = {isa = PBXNativeTarget; buildConfigurationList = AA0000000000000000000093; buildPhases = (AA0000000000000000000083, AA0000000000000000000053, ); buildRules = (); dependencies = (); fileSystemSynchronizedGroups = (AA0000000000000000000043, ); name = "Life OS Companion iOS"; packageProductDependencies = (AA0000000000000000000014, ); productName = LifeOSCompanionIOS; productReference = AA0000000000000000000023; productType = "com.apple.product-type.application"; };
		AA0000000000000000000074 /* Persons iOS */ = {isa = PBXNativeTarget; buildConfigurationList = AA0000000000000000000094; buildPhases = (AA0000000000000000000084, AA0000000000000000000054, ); buildRules = (); dependencies = (); fileSystemSynchronizedGroups = (AA0000000000000000000044, ); name = "Persons iOS"; packageProductDependencies = (AA0000000000000000000019, AA0000000000000000000018, ); productName = Persons; productReference = AA0000000000000000000024; productType = "com.apple.product-type.application"; };
/* End PBXNativeTarget section */

/* Begin PBXProject section */
		AA00000000000000000000A0 /* Project object */ = {isa = PBXProject; attributes = {BuildIndependentTargetsInParallel = 1; LastSwiftUpdateCheck = 1600; LastUpgradeCheck = 1600; TargetAttributes = {AA0000000000000000000071 = {CreatedOnToolsVersion = 16.0; }; AA0000000000000000000072 = {CreatedOnToolsVersion = 16.0; }; AA0000000000000000000073 = {CreatedOnToolsVersion = 16.0; }; AA0000000000000000000074 = {CreatedOnToolsVersion = 16.0; }; }; }; buildConfigurationList = AA0000000000000000000090; compatibilityVersion = "Xcode 16.0"; developmentRegion = en; hasScannedForEncodings = 0; knownRegions = (en, Base, ); mainGroup = AA0000000000000000000060; packageReferences = (AA0000000000000000000015, AA0000000000000000000016, AA0000000000000000000017, ); productRefGroup = AA0000000000000000000061; projectDirPath = ""; projectRoot = ""; targets = (AA0000000000000000000071, AA0000000000000000000072, AA0000000000000000000073, AA0000000000000000000074, ); };
/* End PBXProject section */

/* Begin PBXSourcesBuildPhase section */
		AA0000000000000000000081 = {isa = PBXSourcesBuildPhase; buildActionMask = 2147483647; files = (); runOnlyForDeploymentPostprocessing = 0; };
		AA0000000000000000000082 = {isa = PBXSourcesBuildPhase; buildActionMask = 2147483647; files = (); runOnlyForDeploymentPostprocessing = 0; };
		AA0000000000000000000083 = {isa = PBXSourcesBuildPhase; buildActionMask = 2147483647; files = (); runOnlyForDeploymentPostprocessing = 0; };
		AA0000000000000000000084 = {isa = PBXSourcesBuildPhase; buildActionMask = 2147483647; files = (); runOnlyForDeploymentPostprocessing = 0; };
/* End PBXSourcesBuildPhase section */

/* Begin PBXTargetDependency section */
		AA00000000000000000000B1 = {isa = PBXTargetDependency; target = AA0000000000000000000072; targetProxy = AA00000000000000000000B2; };
/* End PBXTargetDependency section */
/* Begin PBXContainerItemProxy section */
		AA00000000000000000000B2 = {isa = PBXContainerItemProxy; containerPortal = AA00000000000000000000A0; proxyType = 1; remoteGlobalIDString = AA0000000000000000000072; remoteInfo = "Life OS Collector"; };
/* End PBXContainerItemProxy section */

/* Begin XCBuildConfiguration section */
		AA0000000000000000000C01 = {isa = XCBuildConfiguration; buildSettings = {CLANG_ENABLE_MODULES = YES; SWIFT_VERSION = 5.0; }; name = Debug; };
		AA0000000000000000000C02 = {isa = XCBuildConfiguration; buildSettings = {CLANG_ENABLE_MODULES = YES; SWIFT_COMPILATION_MODE = wholemodule; SWIFT_OPTIMIZATION_LEVEL = "-O"; SWIFT_VERSION = 5.0; }; name = Release; };
		AA0000000000000000000C11 = {isa = XCBuildConfiguration; buildSettings = {CODE_SIGN_ENTITLEMENTS = Config/Mac.entitlements; CODE_SIGN_STYLE = Automatic; COMBINE_HIDPI_IMAGES = YES; CURRENT_PROJECT_VERSION = 1; DEVELOPMENT_TEAM = ""; ENABLE_HARDENED_RUNTIME = YES; GENERATE_INFOPLIST_FILE = NO; INFOPLIST_FILE = Config/Mac-Info.plist; LD_RUNPATH_SEARCH_PATHS = ("$(inherited)", "@executable_path/../Frameworks", ); MACOSX_DEPLOYMENT_TARGET = 14.0; MARKETING_VERSION = 0.1.0; PRODUCT_BUNDLE_IDENTIFIER = com.lacollecteur.lifeos.companion; PRODUCT_NAME = "Life OS Companion"; SPARKLE_FEED_URL = ""; SPARKLE_PUBLIC_ED_KEY = ""; SWIFT_EMIT_LOC_STRINGS = YES; }; name = Debug; };
		AA0000000000000000000C12 = {isa = XCBuildConfiguration; buildSettings = {CODE_SIGN_ENTITLEMENTS = Config/Mac.entitlements; CODE_SIGN_STYLE = Manual; COMBINE_HIDPI_IMAGES = YES; CURRENT_PROJECT_VERSION = 1; DEVELOPMENT_TEAM = ""; ENABLE_HARDENED_RUNTIME = YES; GENERATE_INFOPLIST_FILE = NO; INFOPLIST_FILE = Config/Mac-Info.plist; LD_RUNPATH_SEARCH_PATHS = ("$(inherited)", "@executable_path/../Frameworks", ); MACOSX_DEPLOYMENT_TARGET = 14.0; MARKETING_VERSION = 0.1.0; PRODUCT_BUNDLE_IDENTIFIER = com.lacollecteur.lifeos.companion; PRODUCT_NAME = "Life OS Companion"; SPARKLE_FEED_URL = "https://home.lacollecteur.com/companion/appcast.xml"; SPARKLE_PUBLIC_ED_KEY = ""; SWIFT_EMIT_LOC_STRINGS = YES; }; name = Release; };
		AA0000000000000000000C21 = {isa = XCBuildConfiguration; buildSettings = {CODE_SIGN_ENTITLEMENTS = Config/Helper.entitlements; CODE_SIGN_STYLE = Automatic; CURRENT_PROJECT_VERSION = 1; DEVELOPMENT_TEAM = ""; ENABLE_HARDENED_RUNTIME = YES; GENERATE_INFOPLIST_FILE = NO; INFOPLIST_FILE = Config/Helper-Info.plist; MACOSX_DEPLOYMENT_TARGET = 14.0; MARKETING_VERSION = 0.1.0; PRODUCT_BUNDLE_IDENTIFIER = com.lacollecteur.lifeos.companion.helper; PRODUCT_NAME = "Life OS Collector"; SKIP_INSTALL = YES; SWIFT_EMIT_LOC_STRINGS = YES; }; name = Debug; };
		AA0000000000000000000C22 = {isa = XCBuildConfiguration; buildSettings = {CODE_SIGN_ENTITLEMENTS = Config/Helper.entitlements; CODE_SIGN_STYLE = Manual; CURRENT_PROJECT_VERSION = 1; DEVELOPMENT_TEAM = ""; ENABLE_HARDENED_RUNTIME = YES; GENERATE_INFOPLIST_FILE = NO; INFOPLIST_FILE = Config/Helper-Info.plist; MACOSX_DEPLOYMENT_TARGET = 14.0; MARKETING_VERSION = 0.1.0; PRODUCT_BUNDLE_IDENTIFIER = com.lacollecteur.lifeos.companion.helper; PRODUCT_NAME = "Life OS Collector"; SKIP_INSTALL = YES; SWIFT_EMIT_LOC_STRINGS = YES; }; name = Release; };
		AA0000000000000000000C31 = {isa = XCBuildConfiguration; buildSettings = {CODE_SIGN_ENTITLEMENTS = Config/iOS.entitlements; CODE_SIGN_STYLE = Automatic; CURRENT_PROJECT_VERSION = 1; DEVELOPMENT_TEAM = 99Y9DA2XW9; GENERATE_INFOPLIST_FILE = NO; INFOPLIST_FILE = Config/iOS-Info.plist; IPHONEOS_DEPLOYMENT_TARGET = 17.0; MARKETING_VERSION = 0.1.0; PRODUCT_BUNDLE_IDENTIFIER = com.lacollecteur.lifeos.companion.ios; PRODUCT_NAME = "Life OS Companion"; SDKROOT = iphoneos; SUPPORTS_MACCATALYST = NO; SWIFT_EMIT_LOC_STRINGS = YES; TARGETED_DEVICE_FAMILY = 1; }; name = Debug; };
		AA0000000000000000000C32 = {isa = XCBuildConfiguration; buildSettings = {CODE_SIGN_ENTITLEMENTS = Config/iOS.entitlements; CODE_SIGN_STYLE = Automatic; CURRENT_PROJECT_VERSION = 1; DEVELOPMENT_TEAM = 99Y9DA2XW9; GENERATE_INFOPLIST_FILE = NO; INFOPLIST_FILE = Config/iOS-Info.plist; IPHONEOS_DEPLOYMENT_TARGET = 17.0; MARKETING_VERSION = 0.1.0; PRODUCT_BUNDLE_IDENTIFIER = com.lacollecteur.lifeos.companion.ios; PRODUCT_NAME = "Life OS Companion"; SDKROOT = iphoneos; SUPPORTS_MACCATALYST = NO; SWIFT_EMIT_LOC_STRINGS = YES; TARGETED_DEVICE_FAMILY = 1; }; name = Release; };
		AA0000000000000000000C41 = {isa = XCBuildConfiguration; buildSettings = {CODE_SIGN_ENTITLEMENTS = Config/Persons-iOS.entitlements; CODE_SIGN_STYLE = Automatic; CURRENT_PROJECT_VERSION = 1; DEVELOPMENT_TEAM = 99Y9DA2XW9; GENERATE_INFOPLIST_FILE = NO; INFOPLIST_FILE = Config/Persons-iOS-Info.plist; IPHONEOS_DEPLOYMENT_TARGET = 17.0; MARKETING_VERSION = 0.1.0; PRODUCT_BUNDLE_IDENTIFIER = com.lacollecteur.persons.ios; PRODUCT_NAME = Persons; SDKROOT = iphoneos; SUPPORTS_MACCATALYST = NO; SWIFT_EMIT_LOC_STRINGS = YES; TARGETED_DEVICE_FAMILY = 1; }; name = Debug; };
		AA0000000000000000000C42 = {isa = XCBuildConfiguration; buildSettings = {CODE_SIGN_ENTITLEMENTS = Config/Persons-iOS.entitlements; CODE_SIGN_STYLE = Automatic; CURRENT_PROJECT_VERSION = 1; DEVELOPMENT_TEAM = 99Y9DA2XW9; GENERATE_INFOPLIST_FILE = NO; INFOPLIST_FILE = Config/Persons-iOS-Info.plist; IPHONEOS_DEPLOYMENT_TARGET = 17.0; MARKETING_VERSION = 0.1.0; PRODUCT_BUNDLE_IDENTIFIER = com.lacollecteur.persons.ios; PRODUCT_NAME = Persons; SDKROOT = iphoneos; SUPPORTS_MACCATALYST = NO; SWIFT_EMIT_LOC_STRINGS = YES; TARGETED_DEVICE_FAMILY = 1; }; name = Release; };
/* End XCBuildConfiguration section */

/* Begin XCConfigurationList section */
		AA0000000000000000000090 = {isa = XCConfigurationList; buildConfigurations = (AA0000000000000000000C01, AA0000000000000000000C02, ); defaultConfigurationIsVisible = 0; defaultConfigurationName = Release; };
		AA0000000000000000000091 = {isa = XCConfigurationList; buildConfigurations = (AA0000000000000000000C11, AA0000000000000000000C12, ); defaultConfigurationIsVisible = 0; defaultConfigurationName = Release; };
		AA0000000000000000000092 = {isa = XCConfigurationList; buildConfigurations = (AA0000000000000000000C21, AA0000000000000000000C22, ); defaultConfigurationIsVisible = 0; defaultConfigurationName = Release; };
		AA0000000000000000000093 = {isa = XCConfigurationList; buildConfigurations = (AA0000000000000000000C31, AA0000000000000000000C32, ); defaultConfigurationIsVisible = 0; defaultConfigurationName = Release; };
		AA0000000000000000000094 = {isa = XCConfigurationList; buildConfigurations = (AA0000000000000000000C41, AA0000000000000000000C42, ); defaultConfigurationIsVisible = 0; defaultConfigurationName = Release; };
/* End XCConfigurationList section */

/* Begin XCLocalSwiftPackageReference section */
		AA0000000000000000000015 = {isa = XCLocalSwiftPackageReference; relativePath = Packages/LifeOSCompanionCore; };
		AA0000000000000000000017 = {isa = XCLocalSwiftPackageReference; relativePath = Packages/PersonsFeature; };
/* End XCLocalSwiftPackageReference section */
/* Begin XCRemoteSwiftPackageReference section */
		AA0000000000000000000016 = {isa = XCRemoteSwiftPackageReference; repositoryURL = "https://github.com/sparkle-project/Sparkle"; requirement = {kind = upToNextMajorVersion; minimumVersion = 2.6.4; }; };
/* End XCRemoteSwiftPackageReference section */
/* Begin XCSwiftPackageProductDependency section */
		AA0000000000000000000011 = {isa = XCSwiftPackageProductDependency; package = AA0000000000000000000015; productName = LifeOSCompanionCore; };
		AA0000000000000000000012 = {isa = XCSwiftPackageProductDependency; package = AA0000000000000000000016; productName = Sparkle; };
		AA0000000000000000000013 = {isa = XCSwiftPackageProductDependency; package = AA0000000000000000000015; productName = LifeOSCompanionCore; };
		AA0000000000000000000014 = {isa = XCSwiftPackageProductDependency; package = AA0000000000000000000015; productName = LifeOSCompanionCore; };
		AA0000000000000000000018 = {isa = XCSwiftPackageProductDependency; package = AA0000000000000000000017; productName = PersonsFeature; };
		AA0000000000000000000019 = {isa = XCSwiftPackageProductDependency; package = AA0000000000000000000015; productName = LifeOSCompanionCore; };
/* End XCSwiftPackageProductDependency section */
	};
	rootObject = AA00000000000000000000A0 /* Project object */;
}
